
Microsoft Visual Studio Solution File, Format Version 12.00
# Visual Studio Version 17
VisualStudioVersion = 17.4.33213.308
MinimumVisualStudioVersion = 10.0.40219.1
Project("{FAE04EC0-301F-11D3-BF4B-00C04F79EFBC}") = "RastgeleOyunProjesi", "RastgeleOyunProjesi\RastgeleOyunProjesi.csproj", "{C906D0E0-57FC-4083-AFF6-4774CB30C4CB}"
EndProject
Global
	GlobalSection(SolutionConfigurationPlatforms) = preSolution
		Debug|Any CPU = Debug|Any CPU
		Release|Any CPU = Release|Any CPU
	EndGlobalSection
	GlobalSection(ProjectConfigurationPlatforms) = postSolution
		{C906D0E0-57FC-4083-AFF6-4774CB30C4CB}.Debug|Any CPU.ActiveCfg = Debug|Any CPU
		{C906D0E0-57FC-4083-AFF6-4774CB30C4CB}.Debug|Any CPU.Build.0 = Debug|Any CPU
		{C906D0E0-57FC-4083-AFF6-4774CB30C4CB}.Release|Any CPU.ActiveCfg = Release|Any CPU
		{C906D0E0-57FC-4083-AFF6-4774CB30C4CB}.Release|Any CPU.Build.0 = Release|Any CPU
	EndGlobalSection
	GlobalSection(SolutionProperties) = preSolution
		HideSolutionNode = FALSE
	EndGlobalSection
	GlobalSection(ExtensibilityGlobals) = postSolution
		SolutionGuid = {4748E36A-E7EA-448F-B140-C144AEA0D300}
	EndGlobalSection
EndGlobal
